# THIS IS AN AUTOGENERATED FILE. DO NOT EDIT THIS FILE DIRECTLY.
# yarn lockfile v1


pulltorefreshjs@^0.1.20:
  version "0.1.20"
  resolved "https://registry.yarnpkg.com/pulltorefreshjs/-/pulltorefreshjs-0.1.20.tgz#b416a7e6c158ae448f88a4b9738cbaff831eedb4"
  integrity sha512-ezJLhM1dXoNJ2Sx5tRAp4QPqI7jfQfHAHdVd6gQgNPfpIC5v6v/TTesgPQT2aFxEmqiTemWCQrmliaCxqRAYiA==
